
Microsoft Visual Studio Solution File, Format Version 12.00
# Visual Studio Version 17
VisualStudioVersion = 17.9.34728.123
MinimumVisualStudioVersion = 10.0.40219.1
Project("{FAE04EC0-301F-11D3-BF4B-00C04F79EFBC}") = "MatrizWebApplication", "MatrizWebApplication.csproj", "{CC089B1F-3218-427B-9A4A-B9635C96CA31}"
EndProject
Global
	GlobalSection(SolutionConfigurationPlatforms) = preSolution
		Debug|Any CPU = Debug|Any CPU
		Release|Any CPU = Release|Any CPU
	EndGlobalSection
	GlobalSection(ProjectConfigurationPlatforms) = postSolution
		{CC089B1F-3218-427B-9A4A-B9635C96CA31}.Debug|Any CPU.ActiveCfg = Debug|Any CPU
		{CC089B1F-3218-427B-9A4A-B9635C96CA31}.Debug|Any CPU.Build.0 = Debug|Any CPU
		{CC089B1F-3218-427B-9A4A-B9635C96CA31}.Release|Any CPU.ActiveCfg = Release|Any CPU
		{CC089B1F-3218-427B-9A4A-B9635C96CA31}.Release|Any CPU.Build.0 = Release|Any CPU
	EndGlobalSection
	GlobalSection(SolutionProperties) = preSolution
		HideSolutionNode = FALSE
	EndGlobalSection
	GlobalSection(ExtensibilityGlobals) = postSolution
		SolutionGuid = {BCB95B27-601F-45E9-8520-F342AB443716}
	EndGlobalSection
EndGlobal
